
Microsoft Visual Studio Solution File, Format Version 12.00
# Visual Studio Version 17
VisualStudioVersion = 17.6.33815.320
MinimumVisualStudioVersion = 10.0.40219.1
Project("{8BC9CEB8-8B4A-11D0-8D11-00A0C91BC942}") = "iofile", "iofile\iofile.vcxproj", "{E442D230-3661-409F-8A3E-8EB60248F928}"
EndProject
Global
	GlobalSection(SolutionConfigurationPlatforms) = preSolution
		Debug|x64 = Debug|x64
		Debug|x86 = Debug|x86
		Release|x64 = Release|x64
		Release|x86 = Release|x86
	EndGlobalSection
	GlobalSection(ProjectConfigurationPlatforms) = postSolution
		{E442D230-3661-409F-8A3E-8EB60248F928}.Debug|x64.ActiveCfg = Debug|x64
		{E442D230-3661-409F-8A3E-8EB60248F928}.Debug|x64.Build.0 = Debug|x64
		{E442D230-3661-409F-8A3E-8EB60248F928}.Debug|x86.ActiveCfg = Debug|Win32
		{E442D230-3661-409F-8A3E-8EB60248F928}.Debug|x86.Build.0 = Debug|Win32
		{E442D230-3661-409F-8A3E-8EB60248F928}.Release|x64.ActiveCfg = Release|x64
		{E442D230-3661-409F-8A3E-8EB60248F928}.Release|x64.Build.0 = Release|x64
		{E442D230-3661-409F-8A3E-8EB60248F928}.Release|x86.ActiveCfg = Release|Win32
		{E442D230-3661-409F-8A3E-8EB60248F928}.Release|x86.Build.0 = Release|Win32
	EndGlobalSection
	GlobalSection(SolutionProperties) = preSolution
		HideSolutionNode = FALSE
	EndGlobalSection
	GlobalSection(ExtensibilityGlobals) = postSolution
		SolutionGuid = {74635E2B-EA7E-4BED-B2EF-727C440A3B0F}
	EndGlobalSection
EndGlobal
